# THIS IS AN AUTOGENERATED FILE. DO NOT EDIT THIS FILE DIRECTLY.
# yarn lockfile v1


react-load-script@^0.0.6:
  version "0.0.6"
  resolved "https://registry.yarnpkg.com/react-load-script/-/react-load-script-0.0.6.tgz#db6851236aaa25bb622677a2eb51dad4f8d2c258"
  integrity sha512-aRGxDGP9VoLxcsaYvKWIW+LRrMOzz2eEcubTS4NvQPPugjk2VvMhow0wWTkSl7RxookomD1MwcP4l5UStg5ShQ==
